
Microsoft Visual Studio Solution File, Format Version 12.00
# Visual Studio Version 17
VisualStudioVersion = 17.0.32112.339
MinimumVisualStudioVersion = 10.0.40219.1
Project("{9A19103F-16F7-4668-BE54-9A1E7A4F7556}") = "Car Data Application", "Car Data Application\Car Data Application.csproj", "{B4C277FD-EC53-405C-973C-13ED8D271271}"
EndProject
Project("{FAE04EC0-301F-11D3-BF4B-00C04F79EFBC}") = "CarDataApplicationAPI", "CarDataApplicationAPI\CarDataApplicationAPI.csproj", "{7F37E43B-69CB-4320-BC76-29462C85E367}"
EndProject
Global
	GlobalSection(SolutionConfigurationPlatforms) = preSolution
		Debug|Any CPU = Debug|Any CPU
		Release|Any CPU = Release|Any CPU
	EndGlobalSection
	GlobalSection(ProjectConfigurationPlatforms) = postSolution
		{B4C277FD-EC53-405C-973C-13ED8D271271}.Debug|Any CPU.ActiveCfg = Debug|Any CPU
		{B4C277FD-EC53-405C-973C-13ED8D271271}.Debug|Any CPU.Build.0 = Debug|Any CPU
		{B4C277FD-EC53-405C-973C-13ED8D271271}.Release|Any CPU.ActiveCfg = Release|Any CPU
		{B4C277FD-EC53-405C-973C-13ED8D271271}.Release|Any CPU.Build.0 = Release|Any CPU
		{7F37E43B-69CB-4320-BC76-29462C85E367}.Debug|Any CPU.ActiveCfg = Debug|Any CPU
		{7F37E43B-69CB-4320-BC76-29462C85E367}.Debug|Any CPU.Build.0 = Debug|Any CPU
		{7F37E43B-69CB-4320-BC76-29462C85E367}.Release|Any CPU.ActiveCfg = Release|Any CPU
		{7F37E43B-69CB-4320-BC76-29462C85E367}.Release|Any CPU.Build.0 = Release|Any CPU
	EndGlobalSection
	GlobalSection(SolutionProperties) = preSolution
		HideSolutionNode = FALSE
	EndGlobalSection
	GlobalSection(ExtensibilityGlobals) = postSolution
		SolutionGuid = {76A9BF03-9654-4E71-8E87-9541365FF675}
	EndGlobalSection
EndGlobal
